
Microsoft Visual Studio Solution File, Format Version 12.00
# Visual Studio Version 16
VisualStudioVersion = 16.0.32901.82
MinimumVisualStudioVersion = 10.0.40219.1
Project("{FAE04EC0-301F-11D3-BF4B-00C04F79EFBC}") = "SegurosLaFija", "SegurosLaFija\SegurosLaFija.csproj", "{54FFD39A-15AA-4237-8572-157612937A50}"
EndProject
Global
	GlobalSection(SolutionConfigurationPlatforms) = preSolution
		Debug|Any CPU = Debug|Any CPU
		Release|Any CPU = Release|Any CPU
	EndGlobalSection
	GlobalSection(ProjectConfigurationPlatforms) = postSolution
		{54FFD39A-15AA-4237-8572-157612937A50}.Debug|Any CPU.ActiveCfg = Debug|Any CPU
		{54FFD39A-15AA-4237-8572-157612937A50}.Debug|Any CPU.Build.0 = Debug|Any CPU
		{54FFD39A-15AA-4237-8572-157612937A50}.Release|Any CPU.ActiveCfg = Release|Any CPU
		{54FFD39A-15AA-4237-8572-157612937A50}.Release|Any CPU.Build.0 = Release|Any CPU
	EndGlobalSection
	GlobalSection(SolutionProperties) = preSolution
		HideSolutionNode = FALSE
	EndGlobalSection
	GlobalSection(ExtensibilityGlobals) = postSolution
		SolutionGuid = {651E7D39-EEEE-4F92-B69D-DCB3F99277AD}
	EndGlobalSection
EndGlobal
